
Microsoft Visual Studio Solution File, Format Version 12.00
# Visual Studio Version 17
VisualStudioVersion = 17.9.34728.123
MinimumVisualStudioVersion = 10.0.40219.1
Project("{9A19103F-16F7-4668-BE54-9A1E7A4F7556}") = "Gestion", "Gestion.csproj", "{057E55E6-B2D8-4EEB-9306-31C5913FD017}"
EndProject
Project("{2150E333-8FDC-42A3-9474-1A3956D46DE8}") = "Elementos de la solución", "Elementos de la solución", "{65F620EF-7C5A-45CC-83CC-FB2AFD5EA958}"
EndProject
Global
	GlobalSection(SolutionConfigurationPlatforms) = preSolution
		Debug|Any CPU = Debug|Any CPU
		Release|Any CPU = Release|Any CPU
	EndGlobalSection
	GlobalSection(ProjectConfigurationPlatforms) = postSolution
		{057E55E6-B2D8-4EEB-9306-31C5913FD017}.Debug|Any CPU.ActiveCfg = Debug|Any CPU
		{057E55E6-B2D8-4EEB-9306-31C5913FD017}.Debug|Any CPU.Build.0 = Debug|Any CPU
		{057E55E6-B2D8-4EEB-9306-31C5913FD017}.Release|Any CPU.ActiveCfg = Release|Any CPU
		{057E55E6-B2D8-4EEB-9306-31C5913FD017}.Release|Any CPU.Build.0 = Release|Any CPU
	EndGlobalSection
	GlobalSection(SolutionProperties) = preSolution
		HideSolutionNode = FALSE
	EndGlobalSection
	GlobalSection(ExtensibilityGlobals) = postSolution
		SolutionGuid = {AB573844-5E1D-4EC5-8655-0AC892D2DA08}
	EndGlobalSection
EndGlobal
